// !$*UTF8*$!
{
	archiveVersion = 1;
	classes = {
	};
	objectVersion = 46;
	objects = {

/* Begin PBXBuildFile section */
		16E414E8A0E0FE0115A80994 /* libPods-YoutubeDemo.a in Frameworks */ = {isa = PBXBuildFile; fileRef = EC26D3888A2C67A3CCBECDF9 /* libPods-YoutubeDemo.a */; };
		FA336CC81C9D5DA100EE1F6E /* Assets.bundle in Resources */ = {isa = PBXBuildFile; fileRef = FA336CC71C9D5DA100EE1F6E /* Assets.bundle */; settings = {ASSET_TAGS = (); }; };
		FAB4B7CB1C9CDFE7009A9605 /* VideoCell.m in Sources */ = {isa = PBXBuildFile; fileRef = FAB4B7CA1C9CDFE7009A9605 /* VideoCell.m */; };
		FAD5C39A1C9C795400A5C119 /* main.m in Sources */ = {isa = PBXBuildFile; fileRef = FAD5C3991C9C795400A5C119 /* main.m */; };
		FAD5C39D1C9C795400A5C119 /* AppDelegate.m in Sources */ = {isa = PBXBuildFile; fileRef = FAD5C39C1C9C795400A5C119 /* AppDelegate.m */; };
		FAD5C3A31C9C795400A5C119 /* Main.storyboard in Resources */ = {isa = PBXBuildFile; fileRef = FAD5C3A11C9C795400A5C119 /* Main.storyboard */; };
		FAD5C3A51C9C795400A5C119 /* Images.xcassets in Resources */ = {isa = PBXBuildFile; fileRef = FAD5C3A41C9C795400A5C119 /* Images.xcassets */; };
		FAD5C3A81C9C795400A5C119 /* LaunchScreen.xib in Resources */ = {isa = PBXBuildFile; fileRef = FAD5C3A61C9C795400A5C119 /* LaunchScreen.xib */; };
		FAD5C3E91C9C796D00A5C119 /* ListVideoViewController.m in Sources */ = {isa = PBXBuildFile; fileRef = FAD5C3C31C9C796D00A5C119 /* ListVideoViewController.m */; };
		FAD5C3ED1C9C796D00A5C119 /* PlayVideoViewController.m in Sources */ = {isa = PBXBuildFile; fileRef = FAD5C3C71C9C796D00A5C119 /* PlayVideoViewController.m */; };
		FAD5C3EF1C9C796D00A5C119 /* SearchVideoViewController.m in Sources */ = {isa = PBXBuildFile; fileRef = FAD5C3C91C9C796D00A5C119 /* SearchVideoViewController.m */; };
		FAD5C3F11C9C796D00A5C119 /* Global.m in Sources */ = {isa = PBXBuildFile; fileRef = FAD5C3CE1C9C796D00A5C119 /* Global.m */; };
		FAD5C3F31C9C796D00A5C119 /* Util.m in Sources */ = {isa = PBXBuildFile; fileRef = FAD5C3D01C9C796D00A5C119 /* Util.m */; };
		FAD5C3F51C9C796D00A5C119 /* UIScrollView+InfiniteScroll.m in Sources */ = {isa = PBXBuildFile; fileRef = FAD5C3D31C9C796D00A5C119 /* UIScrollView+InfiniteScroll.m */; };
		FAD5C3F71C9C796D00A5C119 /* BaseObject.m in Sources */ = {isa = PBXBuildFile; fileRef = FAD5C3D61C9C796D00A5C119 /* BaseObject.m */; };
		FAD5C3F91C9C796D00A5C119 /* CategoryItem.m in Sources */ = {isa = PBXBuildFile; fileRef = FAD5C3D81C9C796D00A5C119 /* CategoryItem.m */; };
		FAD5C3FB1C9C796D00A5C119 /* VideoItem.m in Sources */ = {isa = PBXBuildFile; fileRef = FAD5C3DA1C9C796D00A5C119 /* VideoItem.m */; };
		FAD5C3FD1C9C796D00A5C119 /* YoutubeRequest.m in Sources */ = {isa = PBXBuildFile; fileRef = FAD5C3DC1C9C796D00A5C119 /* YoutubeRequest.m */; };
		FAD5C3FF1C9C796D00A5C119 /* Localized.strings in Resources */ = {isa = PBXBuildFile; fileRef = FAD5C3DF1C9C796D00A5C119 /* Localized.strings */; };
		FAD5C40B1C9C7ADE00A5C119 /* LeftMenuViewController.m in Sources */ = {isa = PBXBuildFile; fileRef = FAD5C40A1C9C7ADE00A5C119 /* LeftMenuViewController.m */; };
		FAD5C4101C9C7C4E00A5C119 /* CenterViewController.m in Sources */ = {isa = PBXBuildFile; fileRef = FAD5C40F1C9C7C4E00A5C119 /* CenterViewController.m */; };
		FAD5C4141C9C81AE00A5C119 /* CategoryCell.m in Sources */ = {isa = PBXBuildFile; fileRef = FAD5C4131C9C81AE00A5C119 /* CategoryCell.m */; };
		FAD5C4361C9C897300A5C119 /* back_icon.png in Resources */ = {isa = PBXBuildFile; fileRef = FAD5C4311C9C897300A5C119 /* back_icon.png */; };
		FAD5C4371C9C897300A5C119 /* back_icon@2x.png in Resources */ = {isa = PBXBuildFile; fileRef = FAD5C4321C9C897300A5C119 /* back_icon@2x.png */; };
		FAD5C4381C9C897300A5C119 /* menu_left.png in Resources */ = {isa = PBXBuildFile; fileRef = FAD5C4331C9C897300A5C119 /* menu_left.png */; };
		FAD5C4391C9C897300A5C119 /* menu_right.png in Resources */ = {isa = PBXBuildFile; fileRef = FAD5C4341C9C897300A5C119 /* menu_right.png */; };
		FAD5C43A1C9C897300A5C119 /* menu_right@2x.png in Resources */ = {isa = PBXBuildFile; fileRef = FAD5C4351C9C897300A5C119 /* menu_right@2x.png */; };
		FAD5C43C1C9C89A200A5C119 /* HomeViewController.m in Sources */ = {isa = PBXBuildFile; fileRef = FAD5C43B1C9C89A200A5C119 /* HomeViewController.m */; };
		FAD5C43E1C9C89AE00A5C119 /* BaseViewController.m in Sources */ = {isa = PBXBuildFile; fileRef = FAD5C43D1C9C89AE00A5C119 /* BaseViewController.m */; };
/* End PBXBuildFile section */

/* Begin PBXFileReference section */
		08C474F3D49CBB10C3CCA52A /* Pods-YoutubeDemo.debug.xcconfig */ = {isa = PBXFileReference; includeInIndex = 1; lastKnownFileType = text.xcconfig; name = "Pods-YoutubeDemo.debug.xcconfig"; path = "Pods/Target Support Files/Pods-YoutubeDemo/Pods-YoutubeDemo.debug.xcconfig"; sourceTree = "<group>"; };
		B8BEBDB6B617835B49C7EE2E /* Pods-YoutubeDemo.release.xcconfig */ = {isa = PBXFileReference; includeInIndex = 1; lastKnownFileType = text.xcconfig; name = "Pods-YoutubeDemo.release.xcconfig"; path = "Pods/Target Support Files/Pods-YoutubeDemo/Pods-YoutubeDemo.release.xcconfig"; sourceTree = "<group>"; };
		EC26D3888A2C67A3CCBECDF9 /* libPods-YoutubeDemo.a */ = {isa = PBXFileReference; explicitFileType = archive.ar; includeInIndex = 0; path = "libPods-YoutubeDemo.a"; sourceTree = BUILT_PRODUCTS_DIR; };
		FA336CC71C9D5DA100EE1F6E /* Assets.bundle */ = {isa = PBXFileReference; lastKnownFileType = "wrapper.plug-in"; path = Assets.bundle; sourceTree = "<group>"; };
		FAB4B7C91C9CDFE7009A9605 /* VideoCell.h */ = {isa = PBXFileReference; fileEncoding = 4; lastKnownFileType = sourcecode.c.h; path = VideoCell.h; sourceTree = "<group>"; };
		FAB4B7CA1C9CDFE7009A9605 /* VideoCell.m */ = {isa = PBXFileReference; fileEncoding = 4; lastKnownFileType = sourcecode.c.objc; path = VideoCell.m; sourceTree = "<group>"; };
		FAD5C3941C9C795400A5C119 /* YoutubeDemo.app */ = {isa = PBXFileReference; explicitFileType = wrapper.application; includeInIndex = 0; path = YoutubeDemo.app; sourceTree = BUILT_PRODUCTS_DIR; };
		FAD5C3981C9C795400A5C119 /* Info.plist */ = {isa = PBXFileReference; lastKnownFileType = text.plist.xml; path = Info.plist; sourceTree = "<group>"; };
		FAD5C3991C9C795400A5C119 /* main.m */ = {isa = PBXFileReference; lastKnownFileType = sourcecode.c.objc; path = main.m; sourceTree = "<group>"; };
		FAD5C39B1C9C795400A5C119 /* AppDelegate.h */ = {isa = PBXFileReference; lastKnownFileType = sourcecode.c.h; path = AppDelegate.h; sourceTree = "<group>"; };
		FAD5C39C1C9C795400A5C119 /* AppDelegate.m */ = {isa = PBXFileReference; lastKnownFileType = sourcecode.c.objc; path = AppDelegate.m; sourceTree = "<group>"; };
		FAD5C3A21C9C795400A5C119 /* Base */ = {isa = PBXFileReference; lastKnownFileType = file.storyboard; name = Base; path = Base.lproj/Main.storyboard; sourceTree = "<group>"; };
		FAD5C3A41C9C795400A5C119 /* Images.xcassets */ = {isa = PBXFileReference; lastKnownFileType = folder.assetcatalog; path = Images.xcassets; sourceTree = "<group>"; };
		FAD5C3A71C9C795400A5C119 /* Base */ = {isa = PBXFileReference; lastKnownFileType = file.xib; name = Base; path = Base.lproj/LaunchScreen.xib; sourceTree = "<group>"; };
		FAD5C3B21C9C795400A5C119 /* Info.plist */ = {isa = PBXFileReference; lastKnownFileType = text.plist.xml; path = Info.plist; sourceTree = "<group>"; };
		FAD5C3B31C9C795400A5C119 /* YoutubeDemoTests.m */ = {isa = PBXFileReference; lastKnownFileType = sourcecode.c.objc; path = YoutubeDemoTests.m; sourceTree = "<group>"; };
		FAD5C3BE1C9C796D00A5C119 /* BaseViewController.h */ = {isa = PBXFileReference; fileEncoding = 4; lastKnownFileType = sourcecode.c.h; path = BaseViewController.h; sourceTree = "<group>"; };
		FAD5C3C01C9C796D00A5C119 /* HomeViewController.h */ = {isa = PBXFileReference; fileEncoding = 4; lastKnownFileType = sourcecode.c.h; path = HomeViewController.h; sourceTree = "<group>"; };
		FAD5C3C21C9C796D00A5C119 /* ListVideoViewController.h */ = {isa = PBXFileReference; fileEncoding = 4; lastKnownFileType = sourcecode.c.h; path = ListVideoViewController.h; sourceTree = "<group>"; };
		FAD5C3C31C9C796D00A5C119 /* ListVideoViewController.m */ = {isa = PBXFileReference; fileEncoding = 4; lastKnownFileType = sourcecode.c.objc; path = ListVideoViewController.m; sourceTree = "<group>"; };
		FAD5C3C61C9C796D00A5C119 /* PlayVideoViewController.h */ = {isa = PBXFileReference; fileEncoding = 4; lastKnownFileType = sourcecode.c.h; path = PlayVideoViewController.h; sourceTree = "<group>"; };
		FAD5C3C71C9C796D00A5C119 /* PlayVideoViewController.m */ = {isa = PBXFileReference; fileEncoding = 4; lastKnownFileType = sourcecode.c.objc; path = PlayVideoViewController.m; sourceTree = "<group>"; };
		FAD5C3C81C9C796D00A5C119 /* SearchVideoViewController.h */ = {isa = PBXFileReference; fileEncoding = 4; lastKnownFileType = sourcecode.c.h; path = SearchVideoViewController.h; sourceTree = "<group>"; };
		FAD5C3C91C9C796D00A5C119 /* SearchVideoViewController.m */ = {isa = PBXFileReference; fileEncoding = 4; lastKnownFileType = sourcecode.c.objc; path = SearchVideoViewController.m; sourceTree = "<group>"; };
		FAD5C3CB1C9C796D00A5C119 /* API.h */ = {isa = PBXFileReference; fileEncoding = 4; lastKnownFileType = sourcecode.c.h; path = API.h; sourceTree = "<group>"; };
		FAD5C3CC1C9C796D00A5C119 /* Define.h */ = {isa = PBXFileReference; fileEncoding = 4; lastKnownFileType = sourcecode.c.h; path = Define.h; sourceTree = "<group>"; };
		FAD5C3CD1C9C796D00A5C119 /* Global.h */ = {isa = PBXFileReference; fileEncoding = 4; lastKnownFileType = sourcecode.c.h; path = Global.h; sourceTree = "<group>"; };
		FAD5C3CE1C9C796D00A5C119 /* Global.m */ = {isa = PBXFileReference; fileEncoding = 4; lastKnownFileType = sourcecode.c.objc; path = Global.m; sourceTree = "<group>"; };
		FAD5C3CF1C9C796D00A5C119 /* Util.h */ = {isa = PBXFileReference; fileEncoding = 4; lastKnownFileType = sourcecode.c.h; path = Util.h; sourceTree = "<group>"; };
		FAD5C3D01C9C796D00A5C119 /* Util.m */ = {isa = PBXFileReference; fileEncoding = 4; lastKnownFileType = sourcecode.c.objc; path = Util.m; sourceTree = "<group>"; };
		FAD5C3D21C9C796D00A5C119 /* UIScrollView+InfiniteScroll.h */ = {isa = PBXFileReference; fileEncoding = 4; lastKnownFileType = sourcecode.c.h; path = "UIScrollView+InfiniteScroll.h"; sourceTree = "<group>"; };
		FAD5C3D31C9C796D00A5C119 /* UIScrollView+InfiniteScroll.m */ = {isa = PBXFileReference; fileEncoding = 4; lastKnownFileType = sourcecode.c.objc; path = "UIScrollView+InfiniteScroll.m"; sourceTree = "<group>"; };
		FAD5C3D51C9C796D00A5C119 /* BaseObject.h */ = {isa = PBXFileReference; fileEncoding = 4; lastKnownFileType = sourcecode.c.h; path = BaseObject.h; sourceTree = "<group>"; };
		FAD5C3D61C9C796D00A5C119 /* BaseObject.m */ = {isa = PBXFileReference; fileEncoding = 4; lastKnownFileType = sourcecode.c.objc; path = BaseObject.m; sourceTree = "<group>"; };
		FAD5C3D71C9C796D00A5C119 /* CategoryItem.h */ = {isa = PBXFileReference; fileEncoding = 4; lastKnownFileType = sourcecode.c.h; path = CategoryItem.h; sourceTree = "<group>"; };
		FAD5C3D81C9C796D00A5C119 /* CategoryItem.m */ = {isa = PBXFileReference; fileEncoding = 4; lastKnownFileType = sourcecode.c.objc; path = CategoryItem.m; sourceTree = "<group>"; };
		FAD5C3D91C9C796D00A5C119 /* VideoItem.h */ = {isa = PBXFileReference; fileEncoding = 4; lastKnownFileType = sourcecode.c.h; path = VideoItem.h; sourceTree = "<group>"; };
		FAD5C3DA1C9C796D00A5C119 /* VideoItem.m */ = {isa = PBXFileReference; fileEncoding = 4; lastKnownFileType = sourcecode.c.objc; path = VideoItem.m; sourceTree = "<group>"; };
		FAD5C3DB1C9C796D00A5C119 /* YoutubeRequest.h */ = {isa = PBXFileReference; fileEncoding = 4; lastKnownFileType = sourcecode.c.h; path = YoutubeRequest.h; sourceTree = "<group>"; };
		FAD5C3DC1C9C796D00A5C119 /* YoutubeRequest.m */ = {isa = PBXFileReference; fileEncoding = 4; lastKnownFileType = sourcecode.c.objc; path = YoutubeRequest.m; sourceTree = "<group>"; };
		FAD5C3E01C9C796D00A5C119 /* Base */ = {isa = PBXFileReference; lastKnownFileType = text.plist.strings; name = Base; path = Base.lproj/Localized.strings; sourceTree = "<group>"; };
		FAD5C3E11C9C796D00A5C119 /* en */ = {isa = PBXFileReference; lastKnownFileType = text.plist.strings; name = en; path = en.lproj/Localized.strings; sourceTree = "<group>"; };
		FAD5C4091C9C7ADE00A5C119 /* LeftMenuViewController.h */ = {isa = PBXFileReference; fileEncoding = 4; lastKnownFileType = sourcecode.c.h; path = LeftMenuViewController.h; sourceTree = "<group>"; };
		FAD5C40A1C9C7ADE00A5C119 /* LeftMenuViewController.m */ = {isa = PBXFileReference; fileEncoding = 4; lastKnownFileType = sourcecode.c.objc; path = LeftMenuViewController.m; sourceTree = "<group>"; };
		FAD5C40E1C9C7C4E00A5C119 /* CenterViewController.h */ = {isa = PBXFileReference; fileEncoding = 4; lastKnownFileType = sourcecode.c.h; path = CenterViewController.h; sourceTree = "<group>"; };
		FAD5C40F1C9C7C4E00A5C119 /* CenterViewController.m */ = {isa = PBXFileReference; fileEncoding = 4; lastKnownFileType = sourcecode.c.objc; path = CenterViewController.m; sourceTree = "<group>"; };
		FAD5C4121C9C81AE00A5C119 /* CategoryCell.h */ = {isa = PBXFileReference; fileEncoding = 4; lastKnownFileType = sourcecode.c.h; path = CategoryCell.h; sourceTree = "<group>"; };
		FAD5C4131C9C81AE00A5C119 /* CategoryCell.m */ = {isa = PBXFileReference; fileEncoding = 4; lastKnownFileType = sourcecode.c.objc; path = CategoryCell.m; sourceTree = "<group>"; };
		FAD5C4311C9C897300A5C119 /* back_icon.png */ = {isa = PBXFileReference; lastKnownFileType = image.png; path = back_icon.png; sourceTree = "<group>"; };
		FAD5C4321C9C897300A5C119 /* back_icon@2x.png */ = {isa = PBXFileReference; lastKnownFileType = image.png; path = "back_icon@2x.png"; sourceTree = "<group>"; };
		FAD5C4331C9C897300A5C119 /* menu_left.png */ = {isa = PBXFileReference; lastKnownFileType = image.png; path = menu_left.png; sourceTree = "<group>"; };
		FAD5C4341C9C897300A5C119 /* menu_right.png */ = {isa = PBXFileReference; lastKnownFileType = image.png; path = menu_right.png; sourceTree = "<group>"; };
		FAD5C4351C9C897300A5C119 /* menu_right@2x.png */ = {isa = PBXFileReference; lastKnownFileType = image.png; path = "menu_right@2x.png"; sourceTree = "<group>"; };
		FAD5C43B1C9C89A200A5C119 /* HomeViewController.m */ = {isa = PBXFileReference; fileEncoding = 4; lastKnownFileType = sourcecode.c.objc; path = HomeViewController.m; sourceTree = "<group>"; };
		FAD5C43D1C9C89AE00A5C119 /* BaseViewController.m */ = {isa = PBXFileReference; fileEncoding = 4; lastKnownFileType = sourcecode.c.objc; path = BaseViewController.m; sourceTree = "<group>"; };
/* End PBXFileReference section */

/* Begin PBXFrameworksBuildPhase section */
		FAD5C3911C9C795400A5C119 /* Frameworks */ = {
			isa = PBXFrameworksBuildPhase;
			buildActionMask = 2147483647;
			files = (
				16E414E8A0E0FE0115A80994 /* libPods-YoutubeDemo.a in Frameworks */,
			);
			runOnlyForDeploymentPostprocessing = 0;
		};
/* End PBXFrameworksBuildPhase section */

/* Begin PBXGroup section */
		6F3B923A02B22A733E903586 /* Frameworks */ = {
			isa = PBXGroup;
			children = (
				EC26D3888A2C67A3CCBECDF9 /* libPods-YoutubeDemo.a */,
			);
			name = Frameworks;
			sourceTree = "<group>";
		};
		D3A13056348C35572CA0569E /* Pods */ = {
			isa = PBXGroup;
			children = (
				08C474F3D49CBB10C3CCA52A /* Pods-YoutubeDemo.debug.xcconfig */,
				B8BEBDB6B617835B49C7EE2E /* Pods-YoutubeDemo.release.xcconfig */,
			);
			name = Pods;
			sourceTree = "<group>";
		};
		FA336CC91C9D5DA400EE1F6E /* YTPlayer */ = {
			isa = PBXGroup;
			children = (
				FA336CC71C9D5DA100EE1F6E /* Assets.bundle */,
			);
			name = YTPlayer;
			sourceTree = "<group>";
		};
		FA336CCA1C9D5DBC00EE1F6E /* Load more */ = {
			isa = PBXGroup;
			children = (
				FAD5C3D21C9C796D00A5C119 /* UIScrollView+InfiniteScroll.h */,
				FAD5C3D31C9C796D00A5C119 /* UIScrollView+InfiniteScroll.m */,
			);
			name = "Load more";
			sourceTree = "<group>";
		};
		FAD5C38B1C9C795400A5C119 = {
			isa = PBXGroup;
			children = (
				FAD5C3961C9C795400A5C119 /* YoutubeDemo */,
				FAD5C3B01C9C795400A5C119 /* YoutubeDemoTests */,
				FAD5C3951C9C795400A5C119 /* Products */,
				D3A13056348C35572CA0569E /* Pods */,
				6F3B923A02B22A733E903586 /* Frameworks */,
			);
			sourceTree = "<group>";
		};
		FAD5C3951C9C795400A5C119 /* Products */ = {
			isa = PBXGroup;
			children = (
				FAD5C3941C9C795400A5C119 /* YoutubeDemo.app */,
			);
			name = Products;
			sourceTree = "<group>";
		};
		FAD5C3961C9C795400A5C119 /* YoutubeDemo */ = {
			isa = PBXGroup;
			children = (
				FAD5C3BD1C9C796D00A5C119 /* Controller */,
				FAD5C3CA1C9C796D00A5C119 /* Helper */,
				FAD5C3D41C9C796D00A5C119 /* Model */,
				FAD5C3D11C9C796D00A5C119 /* Library */,
				FAD5C3DD1C9C796D00A5C119 /* Resource */,
				FAD5C3E21C9C796D00A5C119 /* View */,
				FAD5C39B1C9C795400A5C119 /* AppDelegate.h */,
				FAD5C39C1C9C795400A5C119 /* AppDelegate.m */,
				FAD5C3A11C9C795400A5C119 /* Main.storyboard */,
				FAD5C3A41C9C795400A5C119 /* Images.xcassets */,
				FAD5C3A61C9C795400A5C119 /* LaunchScreen.xib */,
				FAD5C3971C9C795400A5C119 /* Supporting Files */,
			);
			path = YoutubeDemo;
			sourceTree = "<group>";
		};
		FAD5C3971C9C795400A5C119 /* Supporting Files */ = {
			isa = PBXGroup;
			children = (
				FAD5C3981C9C795400A5C119 /* Info.plist */,
				FAD5C3991C9C795400A5C119 /* main.m */,
			);
			name = "Supporting Files";
			sourceTree = "<group>";
		};
		FAD5C3B01C9C795400A5C119 /* YoutubeDemoTests */ = {
			isa = PBXGroup;
			children = (
				FAD5C3B31C9C795400A5C119 /* YoutubeDemoTests.m */,
				FAD5C3B11C9C795400A5C119 /* Supporting Files */,
			);
			path = YoutubeDemoTests;
			sourceTree = "<group>";
		};
		FAD5C3B11C9C795400A5C119 /* Supporting Files */ = {
			isa = PBXGroup;
			children = (
				FAD5C3B21C9C795400A5C119 /* Info.plist */,
			);
			name = "Supporting Files";
			sourceTree = "<group>";
		};
		FAD5C3BD1C9C796D00A5C119 /* Controller */ = {
			isa = PBXGroup;
			children = (
				FAD5C40D1C9C7C2D00A5C119 /* CenterViewController */,
				FAD5C4081C9C7ABB00A5C119 /* ListVideoViewController */,
				FAD5C4071C9C7A8F00A5C119 /* SearchVideoViewController */,
				FAD5C4061C9C7A8300A5C119 /* PlayVideoViewController */,
				FAD5C4051C9C7A7300A5C119 /* LeftMenuViewController */,
				FAD5C4041C9C7A6B00A5C119 /* BaseViewController */,
				FAD5C4031C9C7A4F00A5C119 /* HomeViewController */,
			);
			path = Controller;
			sourceTree = "<group>";
		};
		FAD5C3CA1C9C796D00A5C119 /* Helper */ = {
			isa = PBXGroup;
			children = (
				FAD5C3CB1C9C796D00A5C119 /* API.h */,
				FAD5C3CC1C9C796D00A5C119 /* Define.h */,
				FAD5C3CD1C9C796D00A5C119 /* Global.h */,
				FAD5C3CE1C9C796D00A5C119 /* Global.m */,
				FAD5C3CF1C9C796D00A5C119 /* Util.h */,
				FAD5C3D01C9C796D00A5C119 /* Util.m */,
			);
			path = Helper;
			sourceTree = "<group>";
		};
		FAD5C3D11C9C796D00A5C119 /* Library */ = {
			isa = PBXGroup;
			children = (
				FA336CCA1C9D5DBC00EE1F6E /* Load more */,
				FA336CC91C9D5DA400EE1F6E /* YTPlayer */,
			);
			path = Library;
			sourceTree = "<group>";
		};
		FAD5C3D41C9C796D00A5C119 /* Model */ = {
			isa = PBXGroup;
			children = (
				FAD5C3D51C9C796D00A5C119 /* BaseObject.h */,
				FAD5C3D61C9C796D00A5C119 /* BaseObject.m */,
				FAD5C3D71C9C796D00A5C119 /* CategoryItem.h */,
				FAD5C3D81C9C796D00A5C119 /* CategoryItem.m */,
				FAD5C3D91C9C796D00A5C119 /* VideoItem.h */,
				FAD5C3DA1C9C796D00A5C119 /* VideoItem.m */,
				FAD5C3DB1C9C796D00A5C119 /* YoutubeRequest.h */,
				FAD5C3DC1C9C796D00A5C119 /* YoutubeRequest.m */,
			);
			path = Model;
			sourceTree = "<group>";
		};
		FAD5C3DD1C9C796D00A5C119 /* Resource */ = {
			isa = PBXGroup;
			children = (
				FAD5C41A1C9C866600A5C119 /* Image */,
				FAD5C3DE1C9C796D00A5C119 /* Localized */,
			);
			path = Resource;
			sourceTree = "<group>";
		};
		FAD5C3DE1C9C796D00A5C119 /* Localized */ = {
			isa = PBXGroup;
			children = (
				FAD5C3DF1C9C796D00A5C119 /* Localized.strings */,
			);
			path = Localized;
			sourceTree = "<group>";
		};
		FAD5C3E21C9C796D00A5C119 /* View */ = {
			isa = PBXGroup;
			children = (
				FAD5C4121C9C81AE00A5C119 /* CategoryCell.h */,
				FAD5C4131C9C81AE00A5C119 /* CategoryCell.m */,
				FAB4B7C91C9CDFE7009A9605 /* VideoCell.h */,
				FAB4B7CA1C9CDFE7009A9605 /* VideoCell.m */,
			);
			path = View;
			sourceTree = "<group>";
		};
		FAD5C4031C9C7A4F00A5C119 /* HomeViewController */ = {
			isa = PBXGroup;
			children = (
				FAD5C3C01C9C796D00A5C119 /* HomeViewController.h */,
				FAD5C43B1C9C89A200A5C119 /* HomeViewController.m */,
			);
			name = HomeViewController;
			sourceTree = "<group>";
		};
		FAD5C4041C9C7A6B00A5C119 /* BaseViewController */ = {
			isa = PBXGroup;
			children = (
				FAD5C3BE1C9C796D00A5C119 /* BaseViewController.h */,
				FAD5C43D1C9C89AE00A5C119 /* BaseViewController.m */,
			);
			name = BaseViewController;
			sourceTree = "<group>";
		};
		FAD5C4051C9C7A7300A5C119 /* LeftMenuViewController */ = {
			isa = PBXGroup;
			children = (
				FAD5C4091C9C7ADE00A5C119 /* LeftMenuViewController.h */,
				FAD5C40A1C9C7ADE00A5C119 /* LeftMenuViewController.m */,
			);
			name = LeftMenuViewController;
			sourceTree = "<group>";
		};
		FAD5C4061C9C7A8300A5C119 /* PlayVideoViewController */ = {
			isa = PBXGroup;
			children = (
				FAD5C3C61C9C796D00A5C119 /* PlayVideoViewController.h */,
				FAD5C3C71C9C796D00A5C119 /* PlayVideoViewController.m */,
			);
			name = PlayVideoViewController;
			sourceTree = "<group>";
		};
		FAD5C4071C9C7A8F00A5C119 /* SearchVideoViewController */ = {
			isa = PBXGroup;
			children = (
				FAD5C3C81C9C796D00A5C119 /* SearchVideoViewController.h */,
				FAD5C3C91C9C796D00A5C119 /* SearchVideoViewController.m */,
			);
			name = SearchVideoViewController;
			sourceTree = "<group>";
		};
		FAD5C4081C9C7ABB00A5C119 /* ListVideoViewController */ = {
			isa = PBXGroup;
			children = (
				FAD5C3C21C9C796D00A5C119 /* ListVideoViewController.h */,
				FAD5C3C31C9C796D00A5C119 /* ListVideoViewController.m */,
			);
			name = ListVideoViewController;
			sourceTree = "<group>";
		};
		FAD5C40D1C9C7C2D00A5C119 /* CenterViewController */ = {
			isa = PBXGroup;
			children = (
				FAD5C40E1C9C7C4E00A5C119 /* CenterViewController.h */,
				FAD5C40F1C9C7C4E00A5C119 /* CenterViewController.m */,
			);
			name = CenterViewController;
			sourceTree = "<group>";
		};
		FAD5C41A1C9C866600A5C119 /* Image */ = {
			isa = PBXGroup;
			children = (
				FAD5C4311C9C897300A5C119 /* back_icon.png */,
				FAD5C4321C9C897300A5C119 /* back_icon@2x.png */,
				FAD5C4331C9C897300A5C119 /* menu_left.png */,
				FAD5C4341C9C897300A5C119 /* menu_right.png */,
				FAD5C4351C9C897300A5C119 /* menu_right@2x.png */,
			);
			path = Image;
			sourceTree = "<group>";
		};
/* End PBXGroup section */

/* Begin PBXNativeTarget section */
		FAD5C3931C9C795400A5C119 /* YoutubeDemo */ = {
			isa = PBXNativeTarget;
			buildConfigurationList = FAD5C3B71C9C795400A5C119 /* Build configuration list for PBXNativeTarget "YoutubeDemo" */;
			buildPhases = (
				77944AE84D2753CA4B845405 /* Check Pods Manifest.lock */,
				FAD5C3901C9C795400A5C119 /* Sources */,
				FAD5C3911C9C795400A5C119 /* Frameworks */,
				FAD5C3921C9C795400A5C119 /* Resources */,
				6EF493944403DE2C4AAC3061 /* Copy Pods Resources */,
			);
			buildRules = (
			);
			dependencies = (
			);
			name = YoutubeDemo;
			productName = YoutubeDemo;
			productReference = FAD5C3941C9C795400A5C119 /* YoutubeDemo.app */;
			productType = "com.apple.product-type.application";
		};
/* End PBXNativeTarget section */

/* Begin PBXProject section */
		FAD5C38C1C9C795400A5C119 /* Project object */ = {
			isa = PBXProject;
			attributes = {
				LastUpgradeCheck = 0640;
				ORGANIZATIONNAME = "Hoang Son";
				TargetAttributes = {
					FAD5C3931C9C795400A5C119 = {
						CreatedOnToolsVersion = 6.4;
					};
				};
			};
			buildConfigurationList = FAD5C38F1C9C795400A5C119 /* Build configuration list for PBXProject "YoutubeDemo" */;
			compatibilityVersion = "Xcode 3.2";
			developmentRegion = English;
			hasScannedForEncodings = 0;
			knownRegions = (
				en,
				Base,
			);
			mainGroup = FAD5C38B1C9C795400A5C119;
			productRefGroup = FAD5C3951C9C795400A5C119 /* Products */;
			projectDirPath = "";
			projectRoot = "";
			targets = (
				FAD5C3931C9C795400A5C119 /* YoutubeDemo */,
			);
		};
/* End PBXProject section */

/* Begin PBXResourcesBuildPhase section */
		FAD5C3921C9C795400A5C119 /* Resources */ = {
			isa = PBXResourcesBuildPhase;
			buildActionMask = 2147483647;
			files = (
				FA336CC81C9D5DA100EE1F6E /* Assets.bundle in Resources */,
				FAD5C3FF1C9C796D00A5C119 /* Localized.strings in Resources */,
				FAD5C3A31C9C795400A5C119 /* Main.storyboard in Resources */,
				FAD5C4371C9C897300A5C119 /* back_icon@2x.png in Resources */,
				FAD5C4391C9C897300A5C119 /* menu_right.png in Resources */,
				FAD5C4381C9C897300A5C119 /* menu_left.png in Resources */,
				FAD5C3A81C9C795400A5C119 /* LaunchScreen.xib in Resources */,
				FAD5C3A51C9C795400A5C119 /* Images.xcassets in Resources */,
				FAD5C43A1C9C897300A5C119 /* menu_right@2x.png in Resources */,
				FAD5C4361C9C897300A5C119 /* back_icon.png in Resources */,
			);
			runOnlyForDeploymentPostprocessing = 0;
		};
/* End PBXResourcesBuildPhase section */

/* Begin PBXShellScriptBuildPhase section */
		6EF493944403DE2C4AAC3061 /* Copy Pods Resources */ = {
			isa = PBXShellScriptBuildPhase;
			buildActionMask = 2147483647;
			files = (
			);
			inputPaths = (
			);
			name = "Copy Pods Resources";
			outputPaths = (
			);
			runOnlyForDeploymentPostprocessing = 0;
			shellPath = /bin/sh;
			shellScript = "\"${SRCROOT}/Pods/Target Support Files/Pods-YoutubeDemo/Pods-YoutubeDemo-resources.sh\"\n";
			showEnvVarsInLog = 0;
		};
		77944AE84D2753CA4B845405 /* Check Pods Manifest.lock */ = {
			isa = PBXShellScriptBuildPhase;
			buildActionMask = 2147483647;
			files = (
			);
			inputPaths = (
			);
			name = "Check Pods Manifest.lock";
			outputPaths = (
			);
			runOnlyForDeploymentPostprocessing = 0;
			shellPath = /bin/sh;
			shellScript = "diff \"${PODS_ROOT}/../Podfile.lock\" \"${PODS_ROOT}/Manifest.lock\" > /dev/null\nif [[ $? != 0 ]] ; then\n    cat << EOM\nerror: The sandbox is not in sync with the Podfile.lock. Run 'pod install' or update your CocoaPods installation.\nEOM\n    exit 1\nfi\n";
			showEnvVarsInLog = 0;
		};
/* End PBXShellScriptBuildPhase section */

/* Begin PBXSourcesBuildPhase section */
		FAD5C3901C9C795400A5C119 /* Sources */ = {
			isa = PBXSourcesBuildPhase;
			buildActionMask = 2147483647;
			files = (
				FAD5C3ED1C9C796D00A5C119 /* PlayVideoViewController.m in Sources */,
				FAD5C43E1C9C89AE00A5C119 /* BaseViewController.m in Sources */,
				FAB4B7CB1C9CDFE7009A9605 /* VideoCell.m in Sources */,
				FAD5C3FD1C9C796D00A5C119 /* YoutubeRequest.m in Sources */,
				FAD5C3FB1C9C796D00A5C119 /* VideoItem.m in Sources */,
				FAD5C4101C9C7C4E00A5C119 /* CenterViewController.m in Sources */,
				FAD5C3F11C9C796D00A5C119 /* Global.m in Sources */,
				FAD5C4141C9C81AE00A5C119 /* CategoryCell.m in Sources */,
				FAD5C3F71C9C796D00A5C119 /* BaseObject.m in Sources */,
				FAD5C43C1C9C89A200A5C119 /* HomeViewController.m in Sources */,
				FAD5C3EF1C9C796D00A5C119 /* SearchVideoViewController.m in Sources */,
				FAD5C39D1C9C795400A5C119 /* AppDelegate.m in Sources */,
				FAD5C3F51C9C796D00A5C119 /* UIScrollView+InfiniteScroll.m in Sources */,
				FAD5C40B1C9C7ADE00A5C119 /* LeftMenuViewController.m in Sources */,
				FAD5C3F91C9C796D00A5C119 /* CategoryItem.m in Sources */,
				FAD5C3F31C9C796D00A5C119 /* Util.m in Sources */,
				FAD5C3E91C9C796D00A5C119 /* ListVideoViewController.m in Sources */,
				FAD5C39A1C9C795400A5C119 /* main.m in Sources */,
			);
			runOnlyForDeploymentPostprocessing = 0;
		};
/* End PBXSourcesBuildPhase section */

/* Begin PBXVariantGroup section */
		FAD5C3A11C9C795400A5C119 /* Main.storyboard */ = {
			isa = PBXVariantGroup;
			children = (
				FAD5C3A21C9C795400A5C119 /* Base */,
			);
			name = Main.storyboard;
			sourceTree = "<group>";
		};
		FAD5C3A61C9C795400A5C119 /* LaunchScreen.xib */ = {
			isa = PBXVariantGroup;
			children = (
				FAD5C3A71C9C795400A5C119 /* Base */,
			);
			name = LaunchScreen.xib;
			sourceTree = "<group>";
		};
		FAD5C3DF1C9C796D00A5C119 /* Localized.strings */ = {
			isa = PBXVariantGroup;
			children = (
				FAD5C3E01C9C796D00A5C119 /* Base */,
				FAD5C3E11C9C796D00A5C119 /* en */,
			);
			name = Localized.strings;
			sourceTree = "<group>";
		};
/* End PBXVariantGroup section */

/* Begin XCBuildConfiguration section */
		FAD5C3B51C9C795400A5C119 /* Debug */ = {
			isa = XCBuildConfiguration;
			buildSettings = {
				ALWAYS_SEARCH_USER_PATHS = NO;
				CLANG_CXX_LANGUAGE_STANDARD = "gnu++0x";
				CLANG_CXX_LIBRARY = "libc++";
				CLANG_ENABLE_MODULES = YES;
				CLANG_ENABLE_OBJC_ARC = YES;
				CLANG_WARN_BOOL_CONVERSION = YES;
				CLANG_WARN_CONSTANT_CONVERSION = YES;
				CLANG_WARN_DIRECT_OBJC_ISA_USAGE = YES_ERROR;
				CLANG_WARN_EMPTY_BODY = YES;
				CLANG_WARN_ENUM_CONVERSION = YES;
				CLANG_WARN_INT_CONVERSION = YES;
				CLANG_WARN_OBJC_ROOT_CLASS = YES_ERROR;
				CLANG_WARN_UNREACHABLE_CODE = YES;
				CLANG_WARN__DUPLICATE_METHOD_MATCH = YES;
				"CODE_SIGN_IDENTITY[sdk=iphoneos*]" = "iPhone Developer";
				COPY_PHASE_STRIP = NO;
				DEBUG_INFORMATION_FORMAT = "dwarf-with-dsym";
				ENABLE_STRICT_OBJC_MSGSEND = YES;
				GCC_C_LANGUAGE_STANDARD = gnu99;
				GCC_DYNAMIC_NO_PIC = NO;
				GCC_NO_COMMON_BLOCKS = YES;
				GCC_OPTIMIZATION_LEVEL = 0;
				GCC_PREPROCESSOR_DEFINITIONS = (
					"DEBUG=1",
					"$(inherited)",
				);
				GCC_SYMBOLS_PRIVATE_EXTERN = NO;
				GCC_WARN_64_TO_32_BIT_CONVERSION = YES;
				GCC_WARN_ABOUT_RETURN_TYPE = YES_ERROR;
				GCC_WARN_UNDECLARED_SELECTOR = YES;
				GCC_WARN_UNINITIALIZED_AUTOS = YES_AGGRESSIVE;
				GCC_WARN_UNUSED_FUNCTION = YES;
				GCC_WARN_UNUSED_VARIABLE = YES;
				IPHONEOS_DEPLOYMENT_TARGET = 8.4;
				MTL_ENABLE_DEBUG_INFO = YES;
				ONLY_ACTIVE_ARCH = YES;
				SDKROOT = iphoneos;
				TARGETED_DEVICE_FAMILY = "1,2";
			};
			name = Debug;
		};
		FAD5C3B61C9C795400A5C119 /* Release */ = {
			isa = XCBuildConfiguration;
			buildSettings = {
				ALWAYS_SEARCH_USER_PATHS = NO;
				CLANG_CXX_LANGUAGE_STANDARD = "gnu++0x";
				CLANG_CXX_LIBRARY = "libc++";
				CLANG_ENABLE_MODULES = YES;
				CLANG_ENABLE_OBJC_ARC = YES;
				CLANG_WARN_BOOL_CONVERSION = YES;
				CLANG_WARN_CONSTANT_CONVERSION = YES;
				CLANG_WARN_DIRECT_OBJC_ISA_USAGE = YES_ERROR;
				CLANG_WARN_EMPTY_BODY = YES;
				CLANG_WARN_ENUM_CONVERSION = YES;
				CLANG_WARN_INT_CONVERSION = YES;
				CLANG_WARN_OBJC_ROOT_CLASS = YES_ERROR;
				CLANG_WARN_UNREACHABLE_CODE = YES;
				CLANG_WARN__DUPLICATE_METHOD_MATCH = YES;
				"CODE_SIGN_IDENTITY[sdk=iphoneos*]" = "iPhone Developer";
				COPY_PHASE_STRIP = NO;
				DEBUG_INFORMATION_FORMAT = "dwarf-with-dsym";
				ENABLE_NS_ASSERTIONS = NO;
				ENABLE_STRICT_OBJC_MSGSEND = YES;
				GCC_C_LANGUAGE_STANDARD = gnu99;
				GCC_NO_COMMON_BLOCKS = YES;
				GCC_WARN_64_TO_32_BIT_CONVERSION = YES;
				GCC_WARN_ABOUT_RETURN_TYPE = YES_ERROR;
				GCC_WARN_UNDECLARED_SELECTOR = YES;
				GCC_WARN_UNINITIALIZED_AUTOS = YES_AGGRESSIVE;
				GCC_WARN_UNUSED_FUNCTION = YES;
				GCC_WARN_UNUSED_VARIABLE = YES;
				IPHONEOS_DEPLOYMENT_TARGET = 8.4;
				MTL_ENABLE_DEBUG_INFO = NO;
				SDKROOT = iphoneos;
				TARGETED_DEVICE_FAMILY = "1,2";
				VALIDATE_PRODUCT = YES;
			};
			name = Release;
		};
		FAD5C3B81C9C795400A5C119 /* Debug */ = {
			isa = XCBuildConfiguration;
			baseConfigurationReference = 08C474F3D49CBB10C3CCA52A /* Pods-YoutubeDemo.debug.xcconfig */;
			buildSettings = {
				ASSETCATALOG_COMPILER_APPICON_NAME = AppIcon;
				INFOPLIST_FILE = YoutubeDemo/Info.plist;
				LD_RUNPATH_SEARCH_PATHS = "$(inherited) @executable_path/Frameworks";
				PRODUCT_NAME = "$(TARGET_NAME)";
			};
			name = Debug;
		};
		FAD5C3B91C9C795400A5C119 /* Release */ = {
			isa = XCBuildConfiguration;
			baseConfigurationReference = B8BEBDB6B617835B49C7EE2E /* Pods-YoutubeDemo.release.xcconfig */;
			buildSettings = {
				ASSETCATALOG_COMPILER_APPICON_NAME = AppIcon;
				INFOPLIST_FILE = YoutubeDemo/Info.plist;
				LD_RUNPATH_SEARCH_PATHS = "$(inherited) @executable_path/Frameworks";
				PRODUCT_NAME = "$(TARGET_NAME)";
			};
			name = Release;
		};
/* End XCBuildConfiguration section */

/* Begin XCConfigurationList section */
		FAD5C38F1C9C795400A5C119 /* Build configuration list for PBXProject "YoutubeDemo" */ = {
			isa = XCConfigurationList;
			buildConfigurations = (
				FAD5C3B51C9C795400A5C119 /* Debug */,
				FAD5C3B61C9C795400A5C119 /* Release */,
			);
			defaultConfigurationIsVisible = 0;
			defaultConfigurationName = Release;
		};
		FAD5C3B71C9C795400A5C119 /* Build configuration list for PBXNativeTarget "YoutubeDemo" */ = {
			isa = XCConfigurationList;
			buildConfigurations = (
				FAD5C3B81C9C795400A5C119 /* Debug */,
				FAD5C3B91C9C795400A5C119 /* Release */,
			);
			defaultConfigurationIsVisible = 0;
			defaultConfigurationName = Release;
		};
/* End XCConfigurationList section */
	};
	rootObject = FAD5C38C1C9C795400A5C119 /* Project object */;
}
